# This file was autogenerated by Stack.
# You should not edit this file by hand.
# For more information, please see the documentation at:
#   https://docs.haskellstack.org/en/stable/lock_files

packages:
- completed:
    hackage: tasty-golden-2.3.2@sha256:0e62bb8ab4654824373e3a91561c5b7eeb86ccde1f3c3196ab53fd43cca14ef0,1846
    pantry-tree:
      size: 531
      sha256: 2475151df8ab7d5130d61f53d86a83d3d2bbcc79bf38d9efdfb261c1d0901d30
  original:
    hackage: tasty-golden-2.3.2
snapshots:
- completed:
    size: 524163
    url: https://raw.githubusercontent.com/commercialhaskell/stackage-snapshots/master/lts/14/25.yaml
    sha256: 97548b4e927a8a862d4a203687ca18a3f5d2ae75b4b72c946fb29c17df1a5082
  original: lts-14.25
